
Microsoft Visual Studio Solution File, Format Version 12.00
# Visual Studio 15
VisualStudioVersion = 15.0.28307.106
MinimumVisualStudioVersion = 10.0.40219.1
Project("{FAE04EC0-301F-11D3-BF4B-00C04F79EFBC}") = "dz6", "dz6\dz6.csproj", "{7F29D7F2-71D5-4165-847A-3A1B839E0EE2}"
EndProject
Global
	GlobalSection(SolutionConfigurationPlatforms) = preSolution
		Debug|Any CPU = Debug|Any CPU
		Release|Any CPU = Release|Any CPU
	EndGlobalSection
	GlobalSection(ProjectConfigurationPlatforms) = postSolution
		{7F29D7F2-71D5-4165-847A-3A1B839E0EE2}.Debug|Any CPU.ActiveCfg = Debug|Any CPU
		{7F29D7F2-71D5-4165-847A-3A1B839E0EE2}.Debug|Any CPU.Build.0 = Debug|Any CPU
		{7F29D7F2-71D5-4165-847A-3A1B839E0EE2}.Release|Any CPU.ActiveCfg = Release|Any CPU
		{7F29D7F2-71D5-4165-847A-3A1B839E0EE2}.Release|Any CPU.Build.0 = Release|Any CPU
	EndGlobalSection
	GlobalSection(SolutionProperties) = preSolution
		HideSolutionNode = FALSE
	EndGlobalSection
	GlobalSection(ExtensibilityGlobals) = postSolution
		SolutionGuid = {4E4C822D-3431-47B4-9FA2-FEA8BB65BC19}
	EndGlobalSection
EndGlobal
